// !$*UTF8*$!
{
	archiveVersion = 1;
	classes = {
	};
	objectVersion = 46;
	objects = {

/* Begin PBXBuildFile section */
		CC6BE1B61B0E7992001F3F52 /* AppDelegate.swift in Sources */ = {isa = PBXBuildFile; fileRef = CC6BE1B51B0E7992001F3F52 /* AppDelegate.swift */; };
		CC6BE1B81B0E7992001F3F52 /* ViewController.swift in Sources */ = {isa = PBXBuildFile; fileRef = CC6BE1B71B0E7992001F3F52 /* ViewController.swift */; };
		CC6BE1BB1B0E7992001F3F52 /* Main.storyboard in Resources */ = {isa = PBXBuildFile; fileRef = CC6BE1B91B0E7992001F3F52 /* Main.storyboard */; };
		CC6BE1BD1B0E7992001F3F52 /* Images.xcassets in Resources */ = {isa = PBXBuildFile; fileRef = CC6BE1BC1B0E7992001F3F52 /* Images.xcassets */; };
		CC6BE1C01B0E7992001F3F52 /* LaunchScreen.xib in Resources */ = {isa = PBXBuildFile; fileRef = CC6BE1BE1B0E7992001F3F52 /* LaunchScreen.xib */; };
		CC6BE1CC1B0E7992001F3F52 /* SampleTests.swift in Sources */ = {isa = PBXBuildFile; fileRef = CC6BE1CB1B0E7992001F3F52 /* SampleTests.swift */; };
/* End PBXBuildFile section */

/* Begin PBXContainerItemProxy section */
		CC6BE1C61B0E7992001F3F52 /* PBXContainerItemProxy */ = {
			isa = PBXContainerItemProxy;
			containerPortal = CC6BE1A81B0E7992001F3F52 /* Project object */;
			proxyType = 1;
			remoteGlobalIDString = CC6BE1AF1B0E7992001F3F52;
			remoteInfo = Sample;
		};
/* End PBXContainerItemProxy section */

/* Begin PBXFileReference section */
		CC6BE1B01B0E7992001F3F52 /* Sample.app */ = {isa = PBXFileReference; explicitFileType = wrapper.application; includeInIndex = 0; path = Sample.app; sourceTree = BUILT_PRODUCTS_DIR; };
		CC6BE1B41B0E7992001F3F52 /* Info.plist */ = {isa = PBXFileReference; lastKnownFileType = text.plist.xml; path = Info.plist; sourceTree = "<group>"; };
		CC6BE1B51B0E7992001F3F52 /* AppDelegate.swift */ = {isa = PBXFileReference; lastKnownFileType = sourcecode.swift; path = AppDelegate.swift; sourceTree = "<group>"; };
		CC6BE1B71B0E7992001F3F52 /* ViewController.swift */ = {isa = PBXFileReference; lastKnownFileType = sourcecode.swift; path = ViewController.swift; sourceTree = "<group>"; };
		CC6BE1BA1B0E7992001F3F52 /* Base */ = {isa = PBXFileReference; lastKnownFileType = file.storyboard; name = Base; path = Base.lproj/Main.storyboard; sourceTree = "<group>"; };
		CC6BE1BC1B0E7992001F3F52 /* Images.xcassets */ = {isa = PBXFileReference; lastKnownFileType = folder.assetcatalog; path = Images.xcassets; sourceTree = "<group>"; };
		CC6BE1BF1B0E7992001F3F52 /* Base */ = {isa = PBXFileReference; lastKnownFileType = file.xib; name = Base; path = Base.lproj/LaunchScreen.xib; sourceTree = "<group>"; };
		CC6BE1C51B0E7992001F3F52 /* SampleTests.xctest */ = {isa = PBXFileReference; explicitFileType = wrapper.cfbundle; includeInIndex = 0; path = SampleTests.xctest; sourceTree = BUILT_PRODUCTS_DIR; };
		CC6BE1CA1B0E7992001F3F52 /* Info.plist */ = {isa = PBXFileReference; lastKnownFileType = text.plist.xml; path = Info.plist; sourceTree = "<group>"; };
		CC6BE1CB1B0E7992001F3F52 /* SampleTests.swift */ = {isa = PBXFileReference; lastKnownFileType = sourcecode.swift; path = SampleTests.swift; sourceTree = "<group>"; };
/* End PBXFileReference section */

/* Begin PBXFrameworksBuildPhase section */
		CC6BE1AD1B0E7992001F3F52 /* Frameworks */ = {
			isa = PBXFrameworksBuildPhase;
			buildActionMask = 2147483647;
			files = (
			);
			runOnlyForDeploymentPostprocessing = 0;
		};
		CC6BE1C21B0E7992001F3F52 /* Frameworks */ = {
			isa = PBXFrameworksBuildPhase;
			buildActionMask = 2147483647;
			files = (
			);
			runOnlyForDeploymentPostprocessing = 0;
		};
/* End PBXFrameworksBuildPhase section */

/* Begin PBXGroup section */
		CC6BE1A71B0E7992001F3F52 = {
			isa = PBXGroup;
			children = (
				CC6BE1B21B0E7992001F3F52 /* Sample */,
				CC6BE1C81B0E7992001F3F52 /* SampleTests */,
				CC6BE1B11B0E7992001F3F52 /* Products */,
			);
			sourceTree = "<group>";
		};
		CC6BE1B11B0E7992001F3F52 /* Products */ = {
			isa = PBXGroup;
			children = (
				CC6BE1B01B0E7992001F3F52 /* Sample.app */,
				CC6BE1C51B0E7992001F3F52 /* SampleTests.xctest */,
			);
			name = Products;
			sourceTree = "<group>";
		};
		CC6BE1B21B0E7992001F3F52 /* Sample */ = {
			isa = PBXGroup;
			children = (
				CC6BE1B51B0E7992001F3F52 /* AppDelegate.swift */,
				CC6BE1B71B0E7992001F3F52 /* ViewController.swift */,
				CC6BE1B91B0E7992001F3F52 /* Main.storyboard */,
				CC6BE1BC1B0E7992001F3F52 /* Images.xcassets */,
				CC6BE1BE1B0E7992001F3F52 /* LaunchScreen.xib */,
				CC6BE1B31B0E7992001F3F52 /* Supporting Files */,
			);
			path = Sample;
			sourceTree = "<group>";
		};
		CC6BE1B31B0E7992001F3F52 /* Supporting Files */ = {
			isa = PBXGroup;
			children = (
				CC6BE1B41B0E7992001F3F52 /* Info.plist */,
			);
			name = "Supporting Files";
			sourceTree = "<group>";
		};
		CC6BE1C81B0E7992001F3F52 /* SampleTests */ = {
			isa = PBXGroup;
			children = (
				CC6BE1CB1B0E7992001F3F52 /* SampleTests.swift */,
				CC6BE1C91B0E7992001F3F52 /* Supporting Files */,
			);
			path = SampleTests;
			sourceTree = "<group>";
		};
		CC6BE1C91B0E7992001F3F52 /* Supporting Files */ = {
			isa = PBXGroup;
			children = (
				CC6BE1CA1B0E7992001F3F52 /* Info.plist */,
			);
			name = "Supporting Files";
			sourceTree = "<group>";
		};
/* End PBXGroup section */

/* Begin PBXNativeTarget section */
		CC6BE1AF1B0E7992001F3F52 /* Sample */ = {
			isa = PBXNativeTarget;
			buildConfigurationList = CC6BE1CF1B0E7992001F3F52 /* Build configuration list for PBXNativeTarget "Sample" */;
			buildPhases = (
				CC6BE1AC1B0E7992001F3F52 /* Sources */,
				CC6BE1AD1B0E7992001F3F52 /* Frameworks */,
				CC6BE1AE1B0E7992001F3F52 /* Resources */,
			);
			buildRules = (
			);
			dependencies = (
			);
			name = Sample;
			productName = Sample;
			productReference = CC6BE1B01B0E7992001F3F52 /* Sample.app */;
			productType = "com.apple.product-type.application";
		};
		CC6BE1C41B0E7992001F3F52 /* SampleTests */ = {
			isa = PBXNativeTarget;
			buildConfigurationList = CC6BE1D21B0E7992001F3F52 /* Build configuration list for PBXNativeTarget "SampleTests" */;
			buildPhases = (
				CC6BE1C11B0E7992001F3F52 /* Sources */,
				CC6BE1C21B0E7992001F3F52 /* Frameworks */,
				CC6BE1C31B0E7992001F3F52 /* Resources */,
			);
			buildRules = (
			);
			dependencies = (
				CC6BE1C71B0E7992001F3F52 /* PBXTargetDependency */,
			);
			name = SampleTests;
			productName = SampleTests;
			productReference = CC6BE1C51B0E7992001F3F52 /* SampleTests.xctest */;
			productType = "com.apple.product-type.bundle.unit-test";
		};
/* End PBXNativeTarget section */

/* Begin PBXProject section */
		CC6BE1A81B0E7992001F3F52 /* Project object */ = {
			isa = PBXProject;
			attributes = {
				LastUpgradeCheck = 0640;
				ORGANIZATIONNAME = IBM;
				TargetAttributes = {
					CC6BE1AF1B0E7992001F3F52 = {
						CreatedOnToolsVersion = 6.4;
					};
					CC6BE1C41B0E7992001F3F52 = {
						CreatedOnToolsVersion = 6.4;
						TestTargetID = CC6BE1AF1B0E7992001F3F52;
					};
				};
			};
			buildConfigurationList = CC6BE1AB1B0E7992001F3F52 /* Build configuration list for PBXProject "Sample" */;
			compatibilityVersion = "Xcode 3.2";
			developmentRegion = English;
			hasScannedForEncodings = 0;
			knownRegions = (
				en,
				Base,
			);
			mainGroup = CC6BE1A71B0E7992001F3F52;
			productRefGroup = CC6BE1B11B0E7992001F3F52 /* Products */;
			projectDirPath = "";
			projectRoot = "";
			targets = (
				CC6BE1AF1B0E7992001F3F52 /* Sample */,
				CC6BE1C41B0E7992001F3F52 /* SampleTests */,
			);
		};
/* End PBXProject section */

/* Begin PBXResourcesBuildPhase section */
		CC6BE1AE1B0E7992001F3F52 /* Resources */ = {
			isa = PBXResourcesBuildPhase;
			buildActionMask = 2147483647;
			files = (
				CC6BE1BB1B0E7992001F3F52 /* Main.storyboard in Resources */,
				CC6BE1C01B0E7992001F3F52 /* LaunchScreen.xib in Resources */,
				CC6BE1BD1B0E7992001F3F52 /* Images.xcassets in Resources */,
			);
			runOnlyForDeploymentPostprocessing = 0;
		};
		CC6BE1C31B0E7992001F3F52 /* Resources */ = {
			isa = PBXResourcesBuildPhase;
			buildActionMask = 2147483647;
			files = (
			);
			runOnlyForDeploymentPostprocessing = 0;
		};
/* End PBXResourcesBuildPhase section */

/* Begin PBXSourcesBuildPhase section */
		CC6BE1AC1B0E7992001F3F52 /* Sources */ = {
			isa = PBXSourcesBuildPhase;
			buildActionMask = 2147483647;
			files = (
				CC6BE1B81B0E7992001F3F52 /* ViewController.swift in Sources */,
				CC6BE1B61B0E7992001F3F52 /* AppDelegate.swift in Sources */,
			);
			runOnlyForDeploymentPostprocessing = 0;
		};
		CC6BE1C11B0E7992001F3F52 /* Sources */ = {
			isa = PBXSourcesBuildPhase;
			buildActionMask = 2147483647;
			files = (
				CC6BE1CC1B0E7992001F3F52 /* SampleTests.swift in Sources */,
			);
			runOnlyForDeploymentPostprocessing = 0;
		};
/* End PBXSourcesBuildPhase section */

/* Begin PBXTargetDependency section */
		CC6BE1C71B0E7992001F3F52 /* PBXTargetDependency */ = {
			isa = PBXTargetDependency;
			target = CC6BE1AF1B0E7992001F3F52 /* Sample */;
			targetProxy = CC6BE1C61B0E7992001F3F52 /* PBXContainerItemProxy */;
		};
/* End PBXTargetDependency section */

/* Begin PBXVariantGroup section */
		CC6BE1B91B0E7992001F3F52 /* Main.storyboard */ = {
			isa = PBXVariantGroup;
			children = (
				CC6BE1BA1B0E7992001F3F52 /* Base */,
			);
			name = Main.storyboard;
			sourceTree = "<group>";
		};
		CC6BE1BE1B0E7992001F3F52 /* LaunchScreen.xib */ = {
			isa = PBXVariantGroup;
			children = (
				CC6BE1BF1B0E7992001F3F52 /* Base */,
			);
			name = LaunchScreen.xib;
			sourceTree = "<group>";
		};
/* End PBXVariantGroup section */

/* Begin XCBuildConfiguration section */
		CC6BE1CD1B0E7992001F3F52 /* Debug */ = {
			isa = XCBuildConfiguration;
			buildSettings = {
				ALWAYS_SEARCH_USER_PATHS = NO;
				CLANG_CXX_LANGUAGE_STANDARD = "gnu++0x";
				CLANG_CXX_LIBRARY = "libc++";
				CLANG_ENABLE_MODULES = YES;
				CLANG_ENABLE_OBJC_ARC = YES;
				CLANG_WARN_BOOL_CONVERSION = YES;
				CLANG_WARN_CONSTANT_CONVERSION = YES;
				CLANG_WARN_DIRECT_OBJC_ISA_USAGE = YES_ERROR;
				CLANG_WARN_EMPTY_BODY = YES;
				CLANG_WARN_ENUM_CONVERSION = YES;
				CLANG_WARN_INT_CONVERSION = YES;
				CLANG_WARN_OBJC_ROOT_CLASS = YES_ERROR;
				CLANG_WARN_UNREACHABLE_CODE = YES;
				CLANG_WARN__DUPLICATE_METHOD_MATCH = YES;
				"CODE_SIGN_IDENTITY[sdk=iphoneos*]" = "iPhone Developer";
				COPY_PHASE_STRIP = NO;
				DEBUG_INFORMATION_FORMAT = "dwarf-with-dsym";
				ENABLE_STRICT_OBJC_MSGSEND = YES;
				GCC_C_LANGUAGE_STANDARD = gnu99;
				GCC_DYNAMIC_NO_PIC = NO;
				GCC_NO_COMMON_BLOCKS = YES;
				GCC_OPTIMIZATION_LEVEL = 0;
				GCC_PREPROCESSOR_DEFINITIONS = (
					"DEBUG=1",
					"$(inherited)",
				);
				GCC_SYMBOLS_PRIVATE_EXTERN = NO;
				GCC_WARN_64_TO_32_BIT_CONVERSION = YES;
				GCC_WARN_ABOUT_RETURN_TYPE = YES_ERROR;
				GCC_WARN_UNDECLARED_SELECTOR = YES;
				GCC_WARN_UNINITIALIZED_AUTOS = YES_AGGRESSIVE;
				GCC_WARN_UNUSED_FUNCTION = YES;
				GCC_WARN_UNUSED_VARIABLE = YES;
				IPHONEOS_DEPLOYMENT_TARGET = 8.4;
				MTL_ENABLE_DEBUG_INFO = YES;
				ONLY_ACTIVE_ARCH = YES;
				SDKROOT = iphoneos;
				SWIFT_OPTIMIZATION_LEVEL = "-Onone";
			};
			name = Debug;
		};
		CC6BE1CE1B0E7992001F3F52 /* Release */ = {
			isa = XCBuildConfiguration;
			buildSettings = {
				ALWAYS_SEARCH_USER_PATHS = NO;
				CLANG_CXX_LANGUAGE_STANDARD = "gnu++0x";
				CLANG_CXX_LIBRARY = "libc++";
				CLANG_ENABLE_MODULES = YES;
				CLANG_ENABLE_OBJC_ARC = YES;
				CLANG_WARN_BOOL_CONVERSION = YES;
				CLANG_WARN_CONSTANT_CONVERSION = YES;
				CLANG_WARN_DIRECT_OBJC_ISA_USAGE = YES_ERROR;
				CLANG_WARN_EMPTY_BODY = YES;
				CLANG_WARN_ENUM_CONVERSION = YES;
				CLANG_WARN_INT_CONVERSION = YES;
				CLANG_WARN_OBJC_ROOT_CLASS = YES_ERROR;
				CLANG_WARN_UNREACHABLE_CODE = YES;
				CLANG_WARN__DUPLICATE_METHOD_MATCH = YES;
				"CODE_SIGN_IDENTITY[sdk=iphoneos*]" = "iPhone Developer";
				COPY_PHASE_STRIP = NO;
				DEBUG_INFORMATION_FORMAT = "dwarf-with-dsym";
				ENABLE_NS_ASSERTIONS = NO;
				ENABLE_STRICT_OBJC_MSGSEND = YES;
				GCC_C_LANGUAGE_STANDARD = gnu99;
				GCC_NO_COMMON_BLOCKS = YES;
				GCC_WARN_64_TO_32_BIT_CONVERSION = YES;
				GCC_WARN_ABOUT_RETURN_TYPE = YES_ERROR;
				GCC_WARN_UNDECLARED_SELECTOR = YES;
				GCC_WARN_UNINITIALIZED_AUTOS = YES_AGGRESSIVE;
				GCC_WARN_UNUSED_FUNCTION = YES;
				GCC_WARN_UNUSED_VARIABLE = YES;
				IPHONEOS_DEPLOYMENT_TARGET = 8.4;
				MTL_ENABLE_DEBUG_INFO = NO;
				SDKROOT = iphoneos;
				VALIDATE_PRODUCT = YES;
			};
			name = Release;
		};
		CC6BE1D01B0E7992001F3F52 /* Debug */ = {
			isa = XCBuildConfiguration;
			buildSettings = {
				ASSETCATALOG_COMPILER_APPICON_NAME = AppIcon;
				INFOPLIST_FILE = Sample/Info.plist;
				LD_RUNPATH_SEARCH_PATHS = "$(inherited) @executable_path/Frameworks";
				PRODUCT_NAME = "$(TARGET_NAME)";
			};
			name = Debug;
		};
		CC6BE1D11B0E7992001F3F52 /* Release */ = {
			isa = XCBuildConfiguration;
			buildSettings = {
				ASSETCATALOG_COMPILER_APPICON_NAME = AppIcon;
				INFOPLIST_FILE = Sample/Info.plist;
				LD_RUNPATH_SEARCH_PATHS = "$(inherited) @executable_path/Frameworks";
				PRODUCT_NAME = "$(TARGET_NAME)";
			};
			name = Release;
		};
		CC6BE1D31B0E7992001F3F52 /* Debug */ = {
			isa = XCBuildConfiguration;
			buildSettings = {
				BUNDLE_LOADER = "$(TEST_HOST)";
				FRAMEWORK_SEARCH_PATHS = (
					"$(SDKROOT)/Developer/Library/Frameworks",
					"$(inherited)",
				);
				GCC_PREPROCESSOR_DEFINITIONS = (
					"DEBUG=1",
					"$(inherited)",
				);
				INFOPLIST_FILE = SampleTests/Info.plist;
				LD_RUNPATH_SEARCH_PATHS = "$(inherited) @executable_path/Frameworks @loader_path/Frameworks";
				PRODUCT_NAME = "$(TARGET_NAME)";
				TEST_HOST = "$(BUILT_PRODUCTS_DIR)/Sample.app/Sample";
			};
			name = Debug;
		};
		CC6BE1D41B0E7992001F3F52 /* Release */ = {
			isa = XCBuildConfiguration;
			buildSettings = {
				BUNDLE_LOADER = "$(TEST_HOST)";
				FRAMEWORK_SEARCH_PATHS = (
					"$(SDKROOT)/Developer/Library/Frameworks",
					"$(inherited)",
				);
				INFOPLIST_FILE = SampleTests/Info.plist;
				LD_RUNPATH_SEARCH_PATHS = "$(inherited) @executable_path/Frameworks @loader_path/Frameworks";
				PRODUCT_NAME = "$(TARGET_NAME)";
				TEST_HOST = "$(BUILT_PRODUCTS_DIR)/Sample.app/Sample";
			};
			name = Release;
		};
/* End XCBuildConfiguration section */

/* Begin XCConfigurationList section */
		CC6BE1AB1B0E7992001F3F52 /* Build configuration list for PBXProject "Sample" */ = {
			isa = XCConfigurationList;
			buildConfigurations = (
				CC6BE1CD1B0E7992001F3F52 /* Debug */,
				CC6BE1CE1B0E7992001F3F52 /* Release */,
			);
			defaultConfigurationIsVisible = 0;
			defaultConfigurationName = Release;
		};
		CC6BE1CF1B0E7992001F3F52 /* Build configuration list for PBXNativeTarget "Sample" */ = {
			isa = XCConfigurationList;
			buildConfigurations = (
				CC6BE1D01B0E7992001F3F52 /* Debug */,
				CC6BE1D11B0E7992001F3F52 /* Release */,
			);
			defaultConfigurationIsVisible = 0;
		};
		CC6BE1D21B0E7992001F3F52 /* Build configuration list for PBXNativeTarget "SampleTests" */ = {
			isa = XCConfigurationList;
			buildConfigurations = (
				CC6BE1D31B0E7992001F3F52 /* Debug */,
				CC6BE1D41B0E7992001F3F52 /* Release */,
			);
			defaultConfigurationIsVisible = 0;
		};
/* End XCConfigurationList section */
	};
	rootObject = CC6BE1A81B0E7992001F3F52 /* Project object */;
}
